PODS:
  - Alamofire (4.8.1)
  - AlamofireImage (3.5.0):
    - Alamofire (~> 4.8)
  - AppsFlyerFramework (4.8.12)
  - DropDown (2.3.12)
  - Purchases (2.0.0)
  - Realm (3.13.1):
    - Realm/Headers (= 3.13.1)
  - Realm/Headers (3.13.1)
  - RealmSwift (3.13.1):
    - Realm (= 3.13.1)
  - SwiftyJSON (4.2.0)
  - SwiftyStoreKit (0.14.2)

DEPENDENCIES:
  - Alamofire (~> 4.7)
  - AlamofireImage
  - AppsFlyerFramework
  - DropDown
  - Purchases
  - RealmSwift
  - SwiftyJSON (~> 4.0)
  - SwiftyStoreKit

SPEC REPOS:
  https://github.com/cocoapods/specs.git:
    - Alamofire
    - AlamofireImage
    - AppsFlyerFramework
    - DropDown
    - Purchases
    - Realm
    - RealmSwift
    - SwiftyJSON
    - SwiftyStoreKit

SPEC CHECKSUMS:
  Alamofire: 16ce2c353fb72865124ddae8a57c5942388f4f11
  AlamofireImage: 1aea346f4dda2f6c67622fa5a89fcbb80d79cc16
  AppsFlyerFramework: 726f063384d8dc763d7b423e48cbc8cbe10989ab
  DropDown: 0bcc278799ec11a3d34ce1aac9367fbbaf5423d9
  Purchases: 17496bdab0d0fb678f5f647c4c7039bca3b8263c
  Realm: 50071da38fe079e0735e47c9f2eae738c68c5996
  RealmSwift: 8a1e6a02b7a08cd17a31e3115143fb69fe5f3fb9
  SwiftyJSON: c4bcba26dd9ec7a027fc8eade48e2c911f229e96
  SwiftyStoreKit: cc399645796b094022fb650c148a0aed25995873

PODFILE CHECKSUM: 68bc1cae63cfca69d391629789dd259367ac40ac

COCOAPODS: 1.5.2
